// !$*UTF8*$!
{
	archiveVersion = 1;
	classes = {
	};
	objectVersion = 77;
	objects = {

/* Begin PBXBuildFile section */
		C121D00F2F7B174A00DA37FC /* LazyVStackView.swift in Sources */ = {isa = PBXBuildFile; fileRef = C121D00E2F7B174A00DA37FC /* LazyVStackView.swift */; };
		C121D0112F7B174E00DA37FC /* LazyHStackView.swift in Sources */ = {isa = PBXBuildFile; fileRef = C121D0102F7B174E00DA37FC /* LazyHStackView.swift */; };
		C121D0152F7B176E00DA37FC /* LazyHGridView.swift in Sources */ = {isa = PBXBuildFile; fileRef = C121D0132F7B176E00DA37FC /* LazyHGridView.swift */; };
		C121D0162F7B176E00DA37FC /* LazyVGridView.swift in Sources */ = {isa = PBXBuildFile; fileRef = C121D0122F7B176E00DA37FC /* LazyVGridView.swift */; };
		C1E4686B2F77380A00D82866 /* LazyLab.swift in Sources */ = {isa = PBXBuildFile; fileRef = C1E468662F77380A00D82866 /* LazyLab.swift */; };
		C1E468702F77395C00D82866 /* Assets.xcassets in Resources */ = {isa = PBXBuildFile; fileRef = C1E4686F2F77395C00D82866 /* Assets.xcassets */; };
		C1E468722F7739A400D82866 /* LazyContainerMenuView.swift in Sources */ = {isa = PBXBuildFile; fileRef = C1E468712F7739A400D82866 /* LazyContainerMenuView.swift */; };
/* End PBXBuildFile section */

/* Begin PBXFileReference section */
		C121D00E2F7B174A00DA37FC /* LazyVStackView.swift */ = {isa = PBXFileReference; lastKnownFileType = sourcecode.swift; path = LazyVStackView.swift; sourceTree = "<group>"; };
		C121D0102F7B174E00DA37FC /* LazyHStackView.swift */ = {isa = PBXFileReference; lastKnownFileType = sourcecode.swift; path = LazyHStackView.swift; sourceTree = "<group>"; };
		C121D0122F7B176E00DA37FC /* LazyVGridView.swift */ = {isa = PBXFileReference; lastKnownFileType = sourcecode.swift; path = LazyVGridView.swift; sourceTree = "<group>"; };
		C121D0132F7B176E00DA37FC /* LazyHGridView.swift */ = {isa = PBXFileReference; lastKnownFileType = sourcecode.swift; path = LazyHGridView.swift; sourceTree = "<group>"; };
		C1E468582F7737CB00D82866 /* LazyLab.app */ = {isa = PBXFileReference; explicitFileType = wrapper.application; includeInIndex = 0; path = LazyLab.app; sourceTree = BUILT_PRODUCTS_DIR; };
		C1E468662F77380A00D82866 /* LazyLab.swift */ = {isa = PBXFileReference; lastKnownFileType = sourcecode.swift; path = LazyLab.swift; sourceTree = "<group>"; };
		C1E4686F2F77395C00D82866 /* Assets.xcassets */ = {isa = PBXFileReference; lastKnownFileType = folder.assetcatalog; path = Assets.xcassets; sourceTree = "<group>"; };
		C1E468712F7739A400D82866 /* LazyContainerMenuView.swift */ = {isa = PBXFileReference; lastKnownFileType = sourcecode.swift; path = LazyContainerMenuView.swift; sourceTree = "<group>"; };
/* End PBXFileReference section */

/* Begin PBXFrameworksBuildPhase section */
		C1E468552F7737CB00D82866 /* Frameworks */ = {
			isa = PBXFrameworksBuildPhase;
			buildActionMask = 2147483647;
			files = (
			);
			runOnlyForDeploymentPostprocessing = 0;
		};
/* End PBXFrameworksBuildPhase section */

/* Begin PBXGroup section */
		C121D00D2F7B173800DA37FC /* LazyStackViews */ = {
			isa = PBXGroup;
			children = (
				C121D00E2F7B174A00DA37FC /* LazyVStackView.swift */,
				C121D0102F7B174E00DA37FC /* LazyHStackView.swift */,
			);
			path = LazyStackViews;
			sourceTree = "<group>";
		};
		C121D0142F7B176E00DA37FC /* LazyGridViews */ = {
			isa = PBXGroup;
			children = (
				C121D0122F7B176E00DA37FC /* LazyVGridView.swift */,
				C121D0132F7B176E00DA37FC /* LazyHGridView.swift */,
			);
			path = LazyGridViews;
			sourceTree = "<group>";
		};
		C1E4684F2F7737CB00D82866 = {
			isa = PBXGroup;
			children = (
				C1E468692F77380A00D82866 /* LazyLab */,
				C1E468592F7737CB00D82866 /* Products */,
			);
			sourceTree = "<group>";
		};
		C1E468592F7737CB00D82866 /* Products */ = {
			isa = PBXGroup;
			children = (
				C1E468582F7737CB00D82866 /* LazyLab.app */,
			);
			name = Products;
			sourceTree = "<group>";
		};
		C1E468692F77380A00D82866 /* LazyLab */ = {
			isa = PBXGroup;
			children = (
				C1E468662F77380A00D82866 /* LazyLab.swift */,
				C1E468712F7739A400D82866 /* LazyContainerMenuView.swift */,
				C121D00D2F7B173800DA37FC /* LazyStackViews */,
				C121D0142F7B176E00DA37FC /* LazyGridViews */,
				C1E4686F2F77395C00D82866 /* Assets.xcassets */,
			);
			path = LazyLab;
			sourceTree = "<group>";
		};
/* End PBXGroup section */

/* Begin PBXNativeTarget section */
		C1E468572F7737CB00D82866 /* LazyLab */ = {
			isa = PBXNativeTarget;
			buildConfigurationList = C1E468632F7737CC00D82866 /* Build configuration list for PBXNativeTarget "LazyLab" */;
			buildPhases = (
				C1E468542F7737CB00D82866 /* Sources */,
				C1E468552F7737CB00D82866 /* Frameworks */,
				C1E468562F7737CB00D82866 /* Resources */,
			);
			buildRules = (
			);
			dependencies = (
			);
			name = LazyLab;
			packageProductDependencies = (
			);
			productName = "Apple-Frameworks";
			productReference = C1E468582F7737CB00D82866 /* LazyLab.app */;
			productType = "com.apple.product-type.application";
		};
/* End PBXNativeTarget section */

/* Begin PBXProject section */
		C1E468502F7737CB00D82866 /* Project object */ = {
			isa = PBXProject;
			attributes = {
				BuildIndependentTargetsInParallel = 1;
				LastSwiftUpdateCheck = 2620;
				LastUpgradeCheck = 2620;
				TargetAttributes = {
					C1E468572F7737CB00D82866 = {
						CreatedOnToolsVersion = 26.2;
					};
				};
			};
			buildConfigurationList = C1E468532F7737CB00D82866 /* Build configuration list for PBXProject "LazyLab" */;
			developmentRegion = en;
			hasScannedForEncodings = 0;
			knownRegions = (
				en,
				Base,
			);
			mainGroup = C1E4684F2F7737CB00D82866;
			minimizedProjectReferenceProxies = 1;
			preferredProjectObjectVersion = 77;
			productRefGroup = C1E468592F7737CB00D82866 /* Products */;
			projectDirPath = "";
			projectRoot = "";
			targets = (
				C1E468572F7737CB00D82866 /* LazyLab */,
			);
		};
/* End PBXProject section */

/* Begin PBXResourcesBuildPhase section */
		C1E468562F7737CB00D82866 /* Resources */ = {
			isa = PBXResourcesBuildPhase;
			buildActionMask = 2147483647;
			files = (
				C1E468702F77395C00D82866 /* Assets.xcassets in Resources */,
			);
			runOnlyForDeploymentPostprocessing = 0;
		};
/* End PBXResourcesBuildPhase section */

/* Begin PBXSourcesBuildPhase section */
		C1E468542F7737CB00D82866 /* Sources */ = {
			isa = PBXSourcesBuildPhase;
			buildActionMask = 2147483647;
			files = (
				C1E468722F7739A400D82866 /* LazyContainerMenuView.swift in Sources */,
				C1E4686B2F77380A00D82866 /* LazyLab.swift in Sources */,
				C121D0152F7B176E00DA37FC /* LazyHGridView.swift in Sources */,
				C121D0112F7B174E00DA37FC /* LazyHStackView.swift in Sources */,
				C121D0162F7B176E00DA37FC /* LazyVGridView.swift in Sources */,
				C121D00F2F7B174A00DA37FC /* LazyVStackView.swift in Sources */,
			);
			runOnlyForDeploymentPostprocessing = 0;
		};
/* End PBXSourcesBuildPhase section */

/* Begin XCBuildConfiguration section */
		C1E468612F7737CC00D82866 /* Debug */ = {
			isa = XCBuildConfiguration;
			buildSettings = {
				ALWAYS_SEARCH_USER_PATHS = NO;
				ASSETCATALOG_COMPILER_GENERATE_SWIFT_ASSET_SYMBOL_EXTENSIONS = YES;
				CLANG_ANALYZER_NONNULL = YES;
				CLANG_ANALYZER_NUMBER_OBJECT_CONVERSION = YES_AGGRESSIVE;
				CLANG_CXX_LANGUAGE_STANDARD = "gnu++20";
				CLANG_ENABLE_MODULES = YES;
				CLANG_ENABLE_OBJC_ARC = YES;
				CLANG_ENABLE_OBJC_WEAK = YES;
				CLANG_WARN_BLOCK_CAPTURE_AUTORELEASING = YES;
				CLANG_WARN_BOOL_CONVERSION = YES;
				CLANG_WARN_COMMA = YES;
				CLANG_WARN_CONSTANT_CONVERSION = YES;
				CLANG_WARN_DEPRECATED_OBJC_IMPLEMENTATIONS = YES;
				CLANG_WARN_DIRECT_OBJC_ISA_USAGE = YES_ERROR;
				CLANG_WARN_DOCUMENTATION_COMMENTS = YES;
				CLANG_WARN_EMPTY_BODY = YES;
				CLANG_WARN_ENUM_CONVERSION = YES;
				CLANG_WARN_INFINITE_RECURSION = YES;
				CLANG_WARN_INT_CONVERSION = YES;
				CLANG_WARN_NON_LITERAL_NULL_CONVERSION = YES;
				CLANG_WARN_OBJC_IMPLICIT_RETAIN_SELF = YES;
				CLANG_WARN_OBJC_LITERAL_CONVERSION = YES;
				CLANG_WARN_OBJC_ROOT_CLASS = YES_ERROR;
				CLANG_WARN_QUOTED_INCLUDE_IN_FRAMEWORK_HEADER = YES;
				CLANG_WARN_RANGE_LOOP_ANALYSIS = YES;
				CLANG_WARN_STRICT_PROTOTYPES = YES;
				CLANG_WARN_SUSPICIOUS_MOVE = YES;
				CLANG_WARN_UNGUARDED_AVAILABILITY = YES_AGGRESSIVE;
				CLANG_WARN_UNREACHABLE_CODE = YES;
				CLANG_WARN__DUPLICATE_METHOD_MATCH = YES;
				COPY_PHASE_STRIP = NO;
				DEBUG_INFORMATION_FORMAT = dwarf;
				DEVELOPMENT_TEAM = 232C7N3DDY;
				ENABLE_STRICT_OBJC_MSGSEND = YES;
				ENABLE_TESTABILITY = YES;
				ENABLE_USER_SCRIPT_SANDBOXING = YES;
				GCC_C_LANGUAGE_STANDARD = gnu17;
				GCC_DYNAMIC_NO_PIC = NO;
				GCC_NO_COMMON_BLOCKS = YES;
				GCC_OPTIMIZATION_LEVEL = 0;
				GCC_PREPROCESSOR_DEFINITIONS = (
					"DEBUG=1",
					"$(inherited)",
				);
				GCC_WARN_64_TO_32_BIT_CONVERSION = YES;
				GCC_WARN_ABOUT_RETURN_TYPE = YES_ERROR;
				GCC_WARN_UNDECLARED_SELECTOR = YES;
				GCC_WARN_UNINITIALIZED_AUTOS = YES_AGGRESSIVE;
				GCC_WARN_UNUSED_FUNCTION = YES;
				GCC_WARN_UNUSED_VARIABLE = YES;
				IPHONEOS_DEPLOYMENT_TARGET = 26.2;
				LOCALIZATION_PREFERS_STRING_CATALOGS = YES;
				MTL_ENABLE_DEBUG_INFO = INCLUDE_SOURCE;
				MTL_FAST_MATH = YES;
				ONLY_ACTIVE_ARCH = YES;
				SDKROOT = iphoneos;
				SWIFT_ACTIVE_COMPILATION_CONDITIONS = "DEBUG $(inherited)";
				SWIFT_OPTIMIZATION_LEVEL = "-Onone";
			};
			name = Debug;
		};
		C1E468622F7737CC00D82866 /* Release */ = {
			isa = XCBuildConfiguration;
			buildSettings = {
				ALWAYS_SEARCH_USER_PATHS = NO;
				ASSETCATALOG_COMPILER_GENERATE_SWIFT_ASSET_SYMBOL_EXTENSIONS = YES;
				CLANG_ANALYZER_NONNULL = YES;
				CLANG_ANALYZER_NUMBER_OBJECT_CONVERSION = YES_AGGRESSIVE;
				CLANG_CXX_LANGUAGE_STANDARD = "gnu++20";
				CLANG_ENABLE_MODULES = YES;
				CLANG_ENABLE_OBJC_ARC = YES;
				CLANG_ENABLE_OBJC_WEAK = YES;
				CLANG_WARN_BLOCK_CAPTURE_AUTORELEASING = YES;
				CLANG_WARN_BOOL_CONVERSION = YES;
				CLANG_WARN_COMMA = YES;
				CLANG_WARN_CONSTANT_CONVERSION = YES;
				CLANG_WARN_DEPRECATED_OBJC_IMPLEMENTATIONS = YES;
				CLANG_WARN_DIRECT_OBJC_ISA_USAGE = YES_ERROR;
				CLANG_WARN_DOCUMENTATION_COMMENTS = YES;
				CLANG_WARN_EMPTY_BODY = YES;
				CLANG_WARN_ENUM_CONVERSION = YES;
				CLANG_WARN_INFINITE_RECURSION = YES;
				CLANG_WARN_INT_CONVERSION = YES;
				CLANG_WARN_NON_LITERAL_NULL_CONVERSION = YES;
				CLANG_WARN_OBJC_IMPLICIT_RETAIN_SELF = YES;
				CLANG_WARN_OBJC_LITERAL_CONVERSION = YES;
				CLANG_WARN_OBJC_ROOT_CLASS = YES_ERROR;
				CLANG_WARN_QUOTED_INCLUDE_IN_FRAMEWORK_HEADER = YES;
				CLANG_WARN_RANGE_LOOP_ANALYSIS = YES;
				CLANG_WARN_STRICT_PROTOTYPES = YES;
				CLANG_WARN_SUSPICIOUS_MOVE = YES;
				CLANG_WARN_UNGUARDED_AVAILABILITY = YES_AGGRESSIVE;
				CLANG_WARN_UNREACHABLE_CODE = YES;
				CLANG_WARN__DUPLICATE_METHOD_MATCH = YES;
				COPY_PHASE_STRIP = NO;
				DEBUG_INFORMATION_FORMAT = "dwarf-with-dsym";
				DEVELOPMENT_TEAM = 232C7N3DDY;
				ENABLE_NS_ASSERTIONS = NO;
				ENABLE_STRICT_OBJC_MSGSEND = YES;
				ENABLE_USER_SCRIPT_SANDBOXING = YES;
				GCC_C_LANGUAGE_STANDARD = gnu17;
				GCC_NO_COMMON_BLOCKS = YES;
				GCC_WARN_64_TO_32_BIT_CONVERSION = YES;
				GCC_WARN_ABOUT_RETURN_TYPE = YES_ERROR;
				GCC_WARN_UNDECLARED_SELECTOR = YES;
				GCC_WARN_UNINITIALIZED_AUTOS = YES_AGGRESSIVE;
				GCC_WARN_UNUSED_FUNCTION = YES;
				GCC_WARN_UNUSED_VARIABLE = YES;
				IPHONEOS_DEPLOYMENT_TARGET = 26.2;
				LOCALIZATION_PREFERS_STRING_CATALOGS = YES;
				MTL_ENABLE_DEBUG_INFO = NO;
				MTL_FAST_MATH = YES;
				SDKROOT = iphoneos;
				SWIFT_COMPILATION_MODE = wholemodule;
				VALIDATE_PRODUCT = YES;
			};
			name = Release;
		};
		C1E468642F7737CC00D82866 /* Debug */ = {
			isa = XCBuildConfiguration;
			buildSettings = {
				ASSETCATALOG_COMPILER_APPICON_NAME = AppIcon;
				ASSETCATALOG_COMPILER_GLOBAL_ACCENT_COLOR_NAME = AccentColor;
				CODE_SIGN_STYLE = Automatic;
				CURRENT_PROJECT_VERSION = 1;
				DEVELOPMENT_TEAM = 232C7N3DDY;
				ENABLE_PREVIEWS = YES;
				GENERATE_INFOPLIST_FILE = YES;
				INFOPLIST_KEY_UIApplicationSceneManifest_Generation = YES;
				INFOPLIST_KEY_UIApplicationSupportsIndirectInputEvents = YES;
				INFOPLIST_KEY_UILaunchScreen_Generation = YES;
				INFOPLIST_KEY_UISupportedInterfaceOrientations_iPad = "UIInterfaceOrientationPortrait UIInterfaceOrientationPortraitUpsideDown UIInterfaceOrientationLandscapeLeft UIInterfaceOrientationLandscapeRight";
				INFOPLIST_KEY_UISupportedInterfaceOrientations_iPhone = "UIInterfaceOrientationPortrait UIInterfaceOrientationLandscapeLeft UIInterfaceOrientationLandscapeRight";
				LD_RUNPATH_SEARCH_PATHS = (
					"$(inherited)",
					"@executable_path/Frameworks",
				);
				MARKETING_VERSION = 1.0;
				PRODUCT_BUNDLE_IDENTIFIER = "com.Apple-Frameworks";
				PRODUCT_NAME = "$(TARGET_NAME)";
				STRING_CATALOG_GENERATE_SYMBOLS = YES;
				SWIFT_APPROACHABLE_CONCURRENCY = YES;
				SWIFT_DEFAULT_ACTOR_ISOLATION = MainActor;
				SWIFT_EMIT_LOC_STRINGS = YES;
				SWIFT_UPCOMING_FEATURE_MEMBER_IMPORT_VISIBILITY = YES;
				SWIFT_VERSION = 5.0;
				TARGETED_DEVICE_FAMILY = "1,2";
			};
			name = Debug;
		};
		C1E468652F7737CC00D82866 /* Release */ = {
			isa = XCBuildConfiguration;
			buildSettings = {
				ASSETCATALOG_COMPILER_APPICON_NAME = AppIcon;
				ASSETCATALOG_COMPILER_GLOBAL_ACCENT_COLOR_NAME = AccentColor;
				CODE_SIGN_STYLE = Automatic;
				CURRENT_PROJECT_VERSION = 1;
				DEVELOPMENT_TEAM = 232C7N3DDY;
				ENABLE_PREVIEWS = YES;
				GENERATE_INFOPLIST_FILE = YES;
				INFOPLIST_KEY_UIApplicationSceneManifest_Generation = YES;
				INFOPLIST_KEY_UIApplicationSupportsIndirectInputEvents = YES;
				INFOPLIST_KEY_UILaunchScreen_Generation = YES;
				INFOPLIST_KEY_UISupportedInterfaceOrientations_iPad = "UIInterfaceOrientationPortrait UIInterfaceOrientationPortraitUpsideDown UIInterfaceOrientationLandscapeLeft UIInterfaceOrientationLandscapeRight";
				INFOPLIST_KEY_UISupportedInterfaceOrientations_iPhone = "UIInterfaceOrientationPortrait UIInterfaceOrientationLandscapeLeft UIInterfaceOrientationLandscapeRight";
				LD_RUNPATH_SEARCH_PATHS = (
					"$(inherited)",
					"@executable_path/Frameworks",
				);
				MARKETING_VERSION = 1.0;
				PRODUCT_BUNDLE_IDENTIFIER = "com.Apple-Frameworks";
				PRODUCT_NAME = "$(TARGET_NAME)";
				STRING_CATALOG_GENERATE_SYMBOLS = YES;
				SWIFT_APPROACHABLE_CONCURRENCY = YES;
				SWIFT_DEFAULT_ACTOR_ISOLATION = MainActor;
				SWIFT_EMIT_LOC_STRINGS = YES;
				SWIFT_UPCOMING_FEATURE_MEMBER_IMPORT_VISIBILITY = YES;
				SWIFT_VERSION = 5.0;
				TARGETED_DEVICE_FAMILY = "1,2";
			};
			name = Release;
		};
/* End XCBuildConfiguration section */

/* Begin XCConfigurationList section */
		C1E468532F7737CB00D82866 /* Build configuration list for PBXProject "LazyLab" */ = {
			isa = XCConfigurationList;
			buildConfigurations = (
				C1E468612F7737CC00D82866 /* Debug */,
				C1E468622F7737CC00D82866 /* Release */,
			);
			defaultConfigurationIsVisible = 0;
			defaultConfigurationName = Release;
		};
		C1E468632F7737CC00D82866 /* Build configuration list for PBXNativeTarget "LazyLab" */ = {
			isa = XCConfigurationList;
			buildConfigurations = (
				C1E468642F7737CC00D82866 /* Debug */,
				C1E468652F7737CC00D82866 /* Release */,
			);
			defaultConfigurationIsVisible = 0;
			defaultConfigurationName = Release;
		};
/* End XCConfigurationList section */
	};
	rootObject = C1E468502F7737CB00D82866 /* Project object */;
}
